
Microsoft Visual Studio Solution File, Format Version 12.00
# Visual Studio 2015
Project("{FAE04EC0-301F-11D3-BF4B-00C04F79EFBC}") = "CreareScriptableObject.CSharp", "CreareScriptableObject.CSharp.csproj", "{08316E4E-4F35-1B47-3493-4BCE69D71FE7}"
EndProject
Project("{FAE04EC0-301F-11D3-BF4B-00C04F79EFBC}") = "CreareScriptableObject.CSharp.Editor", "CreareScriptableObject.CSharp.Editor.csproj", "{24C95743-7400-BC7D-4DC6-CD2EEA995EB2}"
EndProject
Global
	GlobalSection(SolutionConfigurationPlatforms) = preSolution
		Debug|Any CPU = Debug|Any CPU
		Release|Any CPU = Release|Any CPU
	EndGlobalSection
	GlobalSection(ProjectConfigurationPlatforms) = postSolution
		{08316E4E-4F35-1B47-3493-4BCE69D71FE7}.Debug|Any CPU.ActiveCfg = Debug|Any CPU
		{08316E4E-4F35-1B47-3493-4BCE69D71FE7}.Debug|Any CPU.Build.0 = Debug|Any CPU
		{08316E4E-4F35-1B47-3493-4BCE69D71FE7}.Release|Any CPU.ActiveCfg = Release|Any CPU
		{08316E4E-4F35-1B47-3493-4BCE69D71FE7}.Release|Any CPU.Build.0 = Release|Any CPU
		{24C95743-7400-BC7D-4DC6-CD2EEA995EB2}.Debug|Any CPU.ActiveCfg = Debug|Any CPU
		{24C95743-7400-BC7D-4DC6-CD2EEA995EB2}.Debug|Any CPU.Build.0 = Debug|Any CPU
		{24C95743-7400-BC7D-4DC6-CD2EEA995EB2}.Release|Any CPU.ActiveCfg = Release|Any CPU
		{24C95743-7400-BC7D-4DC6-CD2EEA995EB2}.Release|Any CPU.Build.0 = Release|Any CPU
	EndGlobalSection
	GlobalSection(SolutionProperties) = preSolution
		HideSolutionNode = FALSE
	EndGlobalSection
EndGlobal
